// !$*UTF8*$!
{
	archiveVersion = 1;
	classes = {
	};
	objectVersion = 50;
	objects = {

/* Begin PBXBuildFile section */
		DB0AD7E2248E7BEA007B0F08 /* AppDelegate.swift in Sources */ = {isa = PBXBuildFile; fileRef = DB0AD7E1248E7BEA007B0F08 /* AppDelegate.swift */; };
		DB0AD7E4248E7BEA007B0F08 /* SceneDelegate.swift in Sources */ = {isa = PBXBuildFile; fileRef = DB0AD7E3248E7BEA007B0F08 /* SceneDelegate.swift */; };
		DB0AD7E6248E7BEA007B0F08 /* ViewController.swift in Sources */ = {isa = PBXBuildFile; fileRef = DB0AD7E5248E7BEA007B0F08 /* ViewController.swift */; };
		DB0AD7E9248E7BEA007B0F08 /* Main.storyboard in Resources */ = {isa = PBXBuildFile; fileRef = DB0AD7E7248E7BEA007B0F08 /* Main.storyboard */; };
		DB0AD7EB248E7BEC007B0F08 /* Assets.xcassets in Resources */ = {isa = PBXBuildFile; fileRef = DB0AD7EA248E7BEC007B0F08 /* Assets.xcassets */; };
		DB0AD7EE248E7BEC007B0F08 /* LaunchScreen.storyboard in Resources */ = {isa = PBXBuildFile; fileRef = DB0AD7EC248E7BEC007B0F08 /* LaunchScreen.storyboard */; };
/* End PBXBuildFile section */

/* Begin PBXFileReference section */
		DB0AD7DE248E7BEA007B0F08 /* OrganizerApp.app */ = {isa = PBXFileReference; explicitFileType = wrapper.application; includeInIndex = 0; path = OrganizerApp.app; sourceTree = BUILT_PRODUCTS_DIR; };
		DB0AD7E1248E7BEA007B0F08 /* AppDelegate.swift */ = {isa = PBXFileReference; lastKnownFileType = sourcecode.swift; path = AppDelegate.swift; sourceTree = "<group>"; };
		DB0AD7E3248E7BEA007B0F08 /* SceneDelegate.swift */ = {isa = PBXFileReference; lastKnownFileType = sourcecode.swift; path = SceneDelegate.swift; sourceTree = "<group>"; };
		DB0AD7E5248E7BEA007B0F08 /* ViewController.swift */ = {isa = PBXFileReference; lastKnownFileType = sourcecode.swift; path = ViewController.swift; sourceTree = "<group>"; };
		DB0AD7E8248E7BEA007B0F08 /* Base */ = {isa = PBXFileReference; lastKnownFileType = file.storyboard; name = Base; path = Base.lproj/Main.storyboard; sourceTree = "<group>"; };
		DB0AD7EA248E7BEC007B0F08 /* Assets.xcassets */ = {isa = PBXFileReference; lastKnownFileType = folder.assetcatalog; path = Assets.xcassets; sourceTree = "<group>"; };
		DB0AD7ED248E7BEC007B0F08 /* Base */ = {isa = PBXFileReference; lastKnownFileType = file.storyboard; name = Base; path = Base.lproj/LaunchScreen.storyboard; sourceTree = "<group>"; };
		DB0AD7EF248E7BEC007B0F08 /* Info.plist */ = {isa = PBXFileReference; lastKnownFileType = text.plist.xml; path = Info.plist; sourceTree = "<group>"; };
/* End PBXFileReference section */

/* Begin PBXFrameworksBuildPhase section */
		DB0AD7DB248E7BEA007B0F08 /* Frameworks */ = {
			isa = PBXFrameworksBuildPhase;
			buildActionMask = 2147483647;
			files = (
			);
			runOnlyForDeploymentPostprocessing = 0;
		};
/* End PBXFrameworksBuildPhase section */

/* Begin PBXGroup section */
		DB0AD7D5248E7BEA007B0F08 = {
			isa = PBXGroup;
			children = (
				DB0AD7E0248E7BEA007B0F08 /* OrganizerApp */,
				DB0AD7DF248E7BEA007B0F08 /* Products */,
			);
			sourceTree = "<group>";
		};
		DB0AD7DF248E7BEA007B0F08 /* Products */ = {
			isa = PBXGroup;
			children = (
				DB0AD7DE248E7BEA007B0F08 /* OrganizerApp.app */,
			);
			name = Products;
			sourceTree = "<group>";
		};
		DB0AD7E0248E7BEA007B0F08 /* OrganizerApp */ = {
			isa = PBXGroup;
			children = (
				DB0AD7E1248E7BEA007B0F08 /* AppDelegate.swift */,
				DB0AD7E3248E7BEA007B0F08 /* SceneDelegate.swift */,
				DB0AD7E5248E7BEA007B0F08 /* ViewController.swift */,
				DB0AD7E7248E7BEA007B0F08 /* Main.storyboard */,
				DB0AD7EA248E7BEC007B0F08 /* Assets.xcassets */,
				DB0AD7EC248E7BEC007B0F08 /* LaunchScreen.storyboard */,
				DB0AD7EF248E7BEC007B0F08 /* Info.plist */,
			);
			path = OrganizerApp;
			sourceTree = "<group>";
		};
/* End PBXGroup section */

/* Begin PBXNativeTarget section */
		DB0AD7DD248E7BEA007B0F08 /* OrganizerApp */ = {
			isa = PBXNativeTarget;
			buildConfigurationList = DB0AD7F2248E7BEC007B0F08 /* Build configuration list for PBXNativeTarget "OrganizerApp" */;
			buildPhases = (
				DB0AD7DA248E7BEA007B0F08 /* Sources */,
				DB0AD7DB248E7BEA007B0F08 /* Frameworks */,
				DB0AD7DC248E7BEA007B0F08 /* Resources */,
			);
			buildRules = (
			);
			dependencies = (
			);
			name = OrganizerApp;
			productName = OrganizerApp;
			productReference = DB0AD7DE248E7BEA007B0F08 /* OrganizerApp.app */;
			productType = "com.apple.product-type.application";
		};
/* End PBXNativeTarget section */

/* Begin PBXProject section */
		DB0AD7D6248E7BEA007B0F08 /* Project object */ = {
			isa = PBXProject;
			attributes = {
				LastSwiftUpdateCheck = 1150;
				LastUpgradeCheck = 1150;
				ORGANIZATIONNAME = "Lea Dukaez";
				TargetAttributes = {
					DB0AD7DD248E7BEA007B0F08 = {
						CreatedOnToolsVersion = 11.5;
					};
				};
			};
			buildConfigurationList = DB0AD7D9248E7BEA007B0F08 /* Build configuration list for PBXProject "OrganizerApp" */;
			compatibilityVersion = "Xcode 9.3";
			developmentRegion = en;
			hasScannedForEncodings = 0;
			knownRegions = (
				en,
				Base,
			);
			mainGroup = DB0AD7D5248E7BEA007B0F08;
			productRefGroup = DB0AD7DF248E7BEA007B0F08 /* Products */;
			projectDirPath = "";
			projectRoot = "";
			targets = (
				DB0AD7DD248E7BEA007B0F08 /* OrganizerApp */,
			);
		};
/* End PBXProject section */

/* Begin PBXResourcesBuildPhase section */
		DB0AD7DC248E7BEA007B0F08 /* Resources */ = {
			isa = PBXResourcesBuildPhase;
			buildActionMask = 2147483647;
			files = (
				DB0AD7EE248E7BEC007B0F08 /* LaunchScreen.storyboard in Resources */,
				DB0AD7EB248E7BEC007B0F08 /* Assets.xcassets in Resources */,
				DB0AD7E9248E7BEA007B0F08 /* Main.storyboard in Resources */,
			);
			runOnlyForDeploymentPostprocessing = 0;
		};
/* End PBXResourcesBuildPhase section */

/* Begin PBXSourcesBuildPhase section */
		DB0AD7DA248E7BEA007B0F08 /* Sources */ = {
			isa = PBXSourcesBuildPhase;
			buildActionMask = 2147483647;
			files = (
				DB0AD7E6248E7BEA007B0F08 /* ViewController.swift in Sources */,
				DB0AD7E2248E7BEA007B0F08 /* AppDelegate.swift in Sources */,
				DB0AD7E4248E7BEA007B0F08 /* SceneDelegate.swift in Sources */,
			);
			runOnlyForDeploymentPostprocessing = 0;
		};
/* End PBXSourcesBuildPhase section */

/* Begin PBXVariantGroup section */
		DB0AD7E7248E7BEA007B0F08 /* Main.storyboard */ = {
			isa = PBXVariantGroup;
			children = (
				DB0AD7E8248E7BEA007B0F08 /* Base */,
			);
			name = Main.storyboard;
			sourceTree = "<group>";
		};
		DB0AD7EC248E7BEC007B0F08 /* LaunchScreen.storyboard */ = {
			isa = PBXVariantGroup;
			children = (
				DB0AD7ED248E7BEC007B0F08 /* Base */,
			);
			name = LaunchScreen.storyboard;
			sourceTree = "<group>";
		};
/* End PBXVariantGroup section */

/* Begin XCBuildConfiguration section */
		DB0AD7F0248E7BEC007B0F08 /* Debug */ = {
			isa = XCBuildConfiguration;
			buildSettings = {
				ALWAYS_SEARCH_USER_PATHS = NO;
				CLANG_ANALYZER_NONNULL = YES;
				CLANG_ANALYZER_NUMBER_OBJECT_CONVERSION = YES_AGGRESSIVE;
				CLANG_CXX_LANGUAGE_STANDARD = "gnu++14";
				CLANG_CXX_LIBRARY = "libc++";
				CLANG_ENABLE_MODULES = YES;
				CLANG_ENABLE_OBJC_ARC = YES;
				CLANG_ENABLE_OBJC_WEAK = YES;
				CLANG_WARN_BLOCK_CAPTURE_AUTORELEASING = YES;
				CLANG_WARN_BOOL_CONVERSION = YES;
				CLANG_WARN_COMMA = YES;
				CLANG_WARN_CONSTANT_CONVERSION = YES;
				CLANG_WARN_DEPRECATED_OBJC_IMPLEMENTATIONS = YES;
				CLANG_WARN_DIRECT_OBJC_ISA_USAGE = YES_ERROR;
				CLANG_WARN_DOCUMENTATION_COMMENTS = YES;
				CLANG_WARN_EMPTY_BODY = YES;
				CLANG_WARN_ENUM_CONVERSION = YES;
				CLANG_WARN_INFINITE_RECURSION = YES;
				CLANG_WARN_INT_CONVERSION = YES;
				CLANG_WARN_NON_LITERAL_NULL_CONVERSION = YES;
				CLANG_WARN_OBJC_IMPLICIT_RETAIN_SELF = YES;
				CLANG_WARN_OBJC_LITERAL_CONVERSION = YES;
				CLANG_WARN_OBJC_ROOT_CLASS = YES_ERROR;
				CLANG_WARN_RANGE_LOOP_ANALYSIS = YES;
				CLANG_WARN_STRICT_PROTOTYPES = YES;
				CLANG_WARN_SUSPICIOUS_MOVE = YES;
				CLANG_WARN_UNGUARDED_AVAILABILITY = YES_AGGRESSIVE;
				CLANG_WARN_UNREACHABLE_CODE = YES;
				CLANG_WARN__DUPLICATE_METHOD_MATCH = YES;
				COPY_PHASE_STRIP = NO;
				DEBUG_INFORMATION_FORMAT = dwarf;
				ENABLE_STRICT_OBJC_MSGSEND = YES;
				ENABLE_TESTABILITY = YES;
				GCC_C_LANGUAGE_STANDARD = gnu11;
				GCC_DYNAMIC_NO_PIC = NO;
				GCC_NO_COMMON_BLOCKS = YES;
				GCC_OPTIMIZATION_LEVEL = 0;
				GCC_PREPROCESSOR_DEFINITIONS = (
					"DEBUG=1",
					"$(inherited)",
				);
				GCC_WARN_64_TO_32_BIT_CONVERSION = YES;
				GCC_WARN_ABOUT_RETURN_TYPE = YES_ERROR;
				GCC_WARN_UNDECLARED_SELECTOR = YES;
				GCC_WARN_UNINITIALIZED_AUTOS = YES_AGGRESSIVE;
				GCC_WARN_UNUSED_FUNCTION = YES;
				GCC_WARN_UNUSED_VARIABLE = YES;
				IPHONEOS_DEPLOYMENT_TARGET = 13.5;
				MTL_ENABLE_DEBUG_INFO = INCLUDE_SOURCE;
				MTL_FAST_MATH = YES;
				ONLY_ACTIVE_ARCH = YES;
				SDKROOT = iphoneos;
				SWIFT_ACTIVE_COMPILATION_CONDITIONS = DEBUG;
				SWIFT_OPTIMIZATION_LEVEL = "-Onone";
			};
			name = Debug;
		};
		DB0AD7F1248E7BEC007B0F08 /* Release */ = {
			isa = XCBuildConfiguration;
			buildSettings = {
				ALWAYS_SEARCH_USER_PATHS = NO;
				CLANG_ANALYZER_NONNULL = YES;
				CLANG_ANALYZER_NUMBER_OBJECT_CONVERSION = YES_AGGRESSIVE;
				CLANG_CXX_LANGUAGE_STANDARD = "gnu++14";
				CLANG_CXX_LIBRARY = "libc++";
				CLANG_ENABLE_MODULES = YES;
				CLANG_ENABLE_OBJC_ARC = YES;
				CLANG_ENABLE_OBJC_WEAK = YES;
				CLANG_WARN_BLOCK_CAPTURE_AUTORELEASING = YES;
				CLANG_WARN_BOOL_CONVERSION = YES;
				CLANG_WARN_COMMA = YES;
				CLANG_WARN_CONSTANT_CONVERSION = YES;
				CLANG_WARN_DEPRECATED_OBJC_IMPLEMENTATIONS = YES;
				CLANG_WARN_DIRECT_OBJC_ISA_USAGE = YES_ERROR;
				CLANG_WARN_DOCUMENTATION_COMMENTS = YES;
				CLANG_WARN_EMPTY_BODY = YES;
				CLANG_WARN_ENUM_CONVERSION = YES;
				CLANG_WARN_INFINITE_RECURSION = YES;
				CLANG_WARN_INT_CONVERSION = YES;
				CLANG_WARN_NON_LITERAL_NULL_CONVERSION = YES;
				CLANG_WARN_OBJC_IMPLICIT_RETAIN_SELF = YES;
				CLANG_WARN_OBJC_LITERAL_CONVERSION = YES;
				CLANG_WARN_OBJC_ROOT_CLASS = YES_ERROR;
				CLANG_WARN_RANGE_LOOP_ANALYSIS = YES;
				CLANG_WARN_STRICT_PROTOTYPES = YES;
				CLANG_WARN_SUSPICIOUS_MOVE = YES;
				CLANG_WARN_UNGUARDED_AVAILABILITY = YES_AGGRESSIVE;
				CLANG_WARN_UNREACHABLE_CODE = YES;
				CLANG_WARN__DUPLICATE_METHOD_MATCH = YES;
				COPY_PHASE_STRIP = NO;
				DEBUG_INFORMATION_FORMAT = "dwarf-with-dsym";
				ENABLE_NS_ASSERTIONS = NO;
				ENABLE_STRICT_OBJC_MSGSEND = YES;
				GCC_C_LANGUAGE_STANDARD = gnu11;
				GCC_NO_COMMON_BLOCKS = YES;
				GCC_WARN_64_TO_32_BIT_CONVERSION = YES;
				GCC_WARN_ABOUT_RETURN_TYPE = YES_ERROR;
				GCC_WARN_UNDECLARED_SELECTOR = YES;
				GCC_WARN_UNINITIALIZED_AUTOS = YES_AGGRESSIVE;
				GCC_WARN_UNUSED_FUNCTION = YES;
				GCC_WARN_UNUSED_VARIABLE = YES;
				IPHONEOS_DEPLOYMENT_TARGET = 13.5;
				MTL_ENABLE_DEBUG_INFO = NO;
				MTL_FAST_MATH = YES;
				SDKROOT = iphoneos;
				SWIFT_COMPILATION_MODE = wholemodule;
				SWIFT_OPTIMIZATION_LEVEL = "-O";
				VALIDATE_PRODUCT = YES;
			};
			name = Release;
		};
		DB0AD7F3248E7BEC007B0F08 /* Debug */ = {
			isa = XCBuildConfiguration;
			buildSettings = {
				ASSETCATALOG_COMPILER_APPICON_NAME = AppIcon;
				CODE_SIGN_STYLE = Automatic;
				INFOPLIST_FILE = OrganizerApp/Info.plist;
				LD_RUNPATH_SEARCH_PATHS = (
					"$(inherited)",
					"@executable_path/Frameworks",
				);
				PRODUCT_BUNDLE_IDENTIFIER = "com.lea-dk.OrganizerApp";
				PRODUCT_NAME = "$(TARGET_NAME)";
				SWIFT_VERSION = 5.0;
				TARGETED_DEVICE_FAMILY = "1,2";
			};
			name = Debug;
		};
		DB0AD7F4248E7BEC007B0F08 /* Release */ = {
			isa = XCBuildConfiguration;
			buildSettings = {
				ASSETCATALOG_COMPILER_APPICON_NAME = AppIcon;
				CODE_SIGN_STYLE = Automatic;
				INFOPLIST_FILE = OrganizerApp/Info.plist;
				LD_RUNPATH_SEARCH_PATHS = (
					"$(inherited)",
					"@executable_path/Frameworks",
				);
				PRODUCT_BUNDLE_IDENTIFIER = "com.lea-dk.OrganizerApp";
				PRODUCT_NAME = "$(TARGET_NAME)";
				SWIFT_VERSION = 5.0;
				TARGETED_DEVICE_FAMILY = "1,2";
			};
			name = Release;
		};
/* End XCBuildConfiguration section */

/* Begin XCConfigurationList section */
		DB0AD7D9248E7BEA007B0F08 /* Build configuration list for PBXProject "OrganizerApp" */ = {
			isa = XCConfigurationList;
			buildConfigurations = (
				DB0AD7F0248E7BEC007B0F08 /* Debug */,
				DB0AD7F1248E7BEC007B0F08 /* Release */,
			);
			defaultConfigurationIsVisible = 0;
			defaultConfigurationName = Release;
		};
		DB0AD7F2248E7BEC007B0F08 /* Build configuration list for PBXNativeTarget "OrganizerApp" */ = {
			isa = XCConfigurationList;
			buildConfigurations = (
				DB0AD7F3248E7BEC007B0F08 /* Debug */,
				DB0AD7F4248E7BEC007B0F08 /* Release */,
			);
			defaultConfigurationIsVisible = 0;
			defaultConfigurationName = Release;
		};
/* End XCConfigurationList section */
	};
	rootObject = DB0AD7D6248E7BEA007B0F08 /* Project object */;
}
